// !$*UTF8*$!
{
	archiveVersion = 1;
	classes = {
	};
	objectVersion = 55;
	objects = {

/* Begin PBXBuildFile section */
		EDD5D992283AE926006889BC /* ModulotechHomeApp.swift in Sources */ = {isa = PBXBuildFile; fileRef = EDD5D991283AE926006889BC /* ModulotechHomeApp.swift */; };
		EDD5D994283AE926006889BC /* ContentView.swift in Sources */ = {isa = PBXBuildFile; fileRef = EDD5D993283AE926006889BC /* ContentView.swift */; };
		EDD5D996283AE929006889BC /* Assets.xcassets in Resources */ = {isa = PBXBuildFile; fileRef = EDD5D995283AE929006889BC /* Assets.xcassets */; };
		EDD5D999283AE929006889BC /* Preview Assets.xcassets in Resources */ = {isa = PBXBuildFile; fileRef = EDD5D998283AE929006889BC /* Preview Assets.xcassets */; };
		EDD5D9A2283AE9A3006889BC /* TemperatureView.swift in Sources */ = {isa = PBXBuildFile; fileRef = EDD5D9A1283AE9A3006889BC /* TemperatureView.swift */; };
		EDD5D9A4283AEA77006889BC /* TemperatureControlView.swift in Sources */ = {isa = PBXBuildFile; fileRef = EDD5D9A3283AEA77006889BC /* TemperatureControlView.swift */; };
		EDD5D9A6283B405C006889BC /* LightView.swift in Sources */ = {isa = PBXBuildFile; fileRef = EDD5D9A5283B405C006889BC /* LightView.swift */; };
		EDD5D9A8283B40DA006889BC /* LightSlider.swift in Sources */ = {isa = PBXBuildFile; fileRef = EDD5D9A7283B40DA006889BC /* LightSlider.swift */; };
		EDD5D9AC283B4167006889BC /* CustomToggleStyle.swift in Sources */ = {isa = PBXBuildFile; fileRef = EDD5D9AB283B4167006889BC /* CustomToggleStyle.swift */; };
		EDD5D9B0283B449E006889BC /* ColorConstants.swift in Sources */ = {isa = PBXBuildFile; fileRef = EDD5D9AF283B449E006889BC /* ColorConstants.swift */; };
		EDD5D9CC283B85EC006889BC /* ShutterView.swift in Sources */ = {isa = PBXBuildFile; fileRef = EDD5D9CB283B85EB006889BC /* ShutterView.swift */; };
		EDD5D9CE283B8681006889BC /* ShutterSlider.swift in Sources */ = {isa = PBXBuildFile; fileRef = EDD5D9CD283B8681006889BC /* ShutterSlider.swift */; };
		EDD5D9D0283B86E4006889BC /* CustomTabView.swift in Sources */ = {isa = PBXBuildFile; fileRef = EDD5D9CF283B86E4006889BC /* CustomTabView.swift */; };
		EDD5D9D2283B875C006889BC /* TabManager.swift in Sources */ = {isa = PBXBuildFile; fileRef = EDD5D9D1283B875C006889BC /* TabManager.swift */; };
/* End PBXBuildFile section */

/* Begin PBXFileReference section */
		EDD5D98E283AE926006889BC /* ModulotechHome.app */ = {isa = PBXFileReference; explicitFileType = wrapper.application; includeInIndex = 0; path = ModulotechHome.app; sourceTree = BUILT_PRODUCTS_DIR; };
		EDD5D991283AE926006889BC /* ModulotechHomeApp.swift */ = {isa = PBXFileReference; lastKnownFileType = sourcecode.swift; path = ModulotechHomeApp.swift; sourceTree = "<group>"; };
		EDD5D993283AE926006889BC /* ContentView.swift */ = {isa = PBXFileReference; lastKnownFileType = sourcecode.swift; path = ContentView.swift; sourceTree = "<group>"; };
		EDD5D995283AE929006889BC /* Assets.xcassets */ = {isa = PBXFileReference; lastKnownFileType = folder.assetcatalog; path = Assets.xcassets; sourceTree = "<group>"; };
		EDD5D998283AE929006889BC /* Preview Assets.xcassets */ = {isa = PBXFileReference; lastKnownFileType = folder.assetcatalog; path = "Preview Assets.xcassets"; sourceTree = "<group>"; };
		EDD5D9A1283AE9A3006889BC /* TemperatureView.swift */ = {isa = PBXFileReference; lastKnownFileType = sourcecode.swift; path = TemperatureView.swift; sourceTree = "<group>"; };
		EDD5D9A3283AEA77006889BC /* TemperatureControlView.swift */ = {isa = PBXFileReference; lastKnownFileType = sourcecode.swift; path = TemperatureControlView.swift; sourceTree = "<group>"; };
		EDD5D9A5283B405C006889BC /* LightView.swift */ = {isa = PBXFileReference; lastKnownFileType = sourcecode.swift; path = LightView.swift; sourceTree = "<group>"; };
		EDD5D9A7283B40DA006889BC /* LightSlider.swift */ = {isa = PBXFileReference; lastKnownFileType = sourcecode.swift; path = LightSlider.swift; sourceTree = "<group>"; };
		EDD5D9AB283B4167006889BC /* CustomToggleStyle.swift */ = {isa = PBXFileReference; lastKnownFileType = sourcecode.swift; path = CustomToggleStyle.swift; sourceTree = "<group>"; };
		EDD5D9AF283B449E006889BC /* ColorConstants.swift */ = {isa = PBXFileReference; lastKnownFileType = sourcecode.swift; path = ColorConstants.swift; sourceTree = "<group>"; };
		EDD5D9CB283B85EB006889BC /* ShutterView.swift */ = {isa = PBXFileReference; lastKnownFileType = sourcecode.swift; path = ShutterView.swift; sourceTree = "<group>"; };
		EDD5D9CD283B8681006889BC /* ShutterSlider.swift */ = {isa = PBXFileReference; lastKnownFileType = sourcecode.swift; path = ShutterSlider.swift; sourceTree = "<group>"; };
		EDD5D9CF283B86E4006889BC /* CustomTabView.swift */ = {isa = PBXFileReference; lastKnownFileType = sourcecode.swift; path = CustomTabView.swift; sourceTree = "<group>"; };
		EDD5D9D1283B875C006889BC /* TabManager.swift */ = {isa = PBXFileReference; lastKnownFileType = sourcecode.swift; path = TabManager.swift; sourceTree = "<group>"; };
/* End PBXFileReference section */

/* Begin PBXFrameworksBuildPhase section */
		EDD5D98B283AE926006889BC /* Frameworks */ = {
			isa = PBXFrameworksBuildPhase;
			buildActionMask = 2147483647;
			files = (
			);
			runOnlyForDeploymentPostprocessing = 0;
		};
/* End PBXFrameworksBuildPhase section */

/* Begin PBXGroup section */
		EDD5D985283AE926006889BC = {
			isa = PBXGroup;
			children = (
				EDD5D990283AE926006889BC /* ModulotechHome */,
				EDD5D98F283AE926006889BC /* Products */,
			);
			sourceTree = "<group>";
		};
		EDD5D98F283AE926006889BC /* Products */ = {
			isa = PBXGroup;
			children = (
				EDD5D98E283AE926006889BC /* ModulotechHome.app */,
			);
			name = Products;
			sourceTree = "<group>";
		};
		EDD5D990283AE926006889BC /* ModulotechHome */ = {
			isa = PBXGroup;
			children = (
				EDD5D991283AE926006889BC /* ModulotechHomeApp.swift */,
				EDD5D993283AE926006889BC /* ContentView.swift */,
				EDD5D9D5283B8BF3006889BC /* Shutter */,
				EDD5D9D4283B8BDE006889BC /* Lighting */,
				EDD5D9D3283B8BB8006889BC /* Thermometer */,
				EDD5D9D6283B8C1E006889BC /* Utilities */,
				EDD5D995283AE929006889BC /* Assets.xcassets */,
				EDD5D997283AE929006889BC /* Preview Content */,
			);
			path = ModulotechHome;
			sourceTree = "<group>";
		};
		EDD5D997283AE929006889BC /* Preview Content */ = {
			isa = PBXGroup;
			children = (
				EDD5D998283AE929006889BC /* Preview Assets.xcassets */,
			);
			path = "Preview Content";
			sourceTree = "<group>";
		};
		EDD5D9D3283B8BB8006889BC /* Thermometer */ = {
			isa = PBXGroup;
			children = (
				EDD5D9A1283AE9A3006889BC /* TemperatureView.swift */,
				EDD5D9A3283AEA77006889BC /* TemperatureControlView.swift */,
			);
			path = Thermometer;
			sourceTree = "<group>";
		};
		EDD5D9D4283B8BDE006889BC /* Lighting */ = {
			isa = PBXGroup;
			children = (
				EDD5D9A5283B405C006889BC /* LightView.swift */,
				EDD5D9A7283B40DA006889BC /* LightSlider.swift */,
			);
			path = Lighting;
			sourceTree = "<group>";
		};
		EDD5D9D5283B8BF3006889BC /* Shutter */ = {
			isa = PBXGroup;
			children = (
				EDD5D9CB283B85EB006889BC /* ShutterView.swift */,
				EDD5D9CD283B8681006889BC /* ShutterSlider.swift */,
			);
			path = Shutter;
			sourceTree = "<group>";
		};
		EDD5D9D6283B8C1E006889BC /* Utilities */ = {
			isa = PBXGroup;
			children = (
				EDD5D9D1283B875C006889BC /* TabManager.swift */,
				EDD5D9CF283B86E4006889BC /* CustomTabView.swift */,
				EDD5D9AB283B4167006889BC /* CustomToggleStyle.swift */,
				EDD5D9AF283B449E006889BC /* ColorConstants.swift */,
			);
			name = Utilities;
			sourceTree = "<group>";
		};
/* End PBXGroup section */

/* Begin PBXNativeTarget section */
		EDD5D98D283AE926006889BC /* ModulotechHome */ = {
			isa = PBXNativeTarget;
			buildConfigurationList = EDD5D99C283AE929006889BC /* Build configuration list for PBXNativeTarget "ModulotechHome" */;
			buildPhases = (
				EDD5D98A283AE926006889BC /* Sources */,
				EDD5D98B283AE926006889BC /* Frameworks */,
				EDD5D98C283AE926006889BC /* Resources */,
			);
			buildRules = (
			);
			dependencies = (
			);
			name = ModulotechHome;
			productName = ModulotechHome;
			productReference = EDD5D98E283AE926006889BC /* ModulotechHome.app */;
			productType = "com.apple.product-type.application";
		};
/* End PBXNativeTarget section */

/* Begin PBXProject section */
		EDD5D986283AE926006889BC /* Project object */ = {
			isa = PBXProject;
			attributes = {
				BuildIndependentTargetsInParallel = 1;
				LastSwiftUpdateCheck = 1320;
				LastUpgradeCheck = 1320;
				TargetAttributes = {
					EDD5D98D283AE926006889BC = {
						CreatedOnToolsVersion = 13.2.1;
					};
				};
			};
			buildConfigurationList = EDD5D989283AE926006889BC /* Build configuration list for PBXProject "ModulotechHome" */;
			compatibilityVersion = "Xcode 13.0";
			developmentRegion = en;
			hasScannedForEncodings = 0;
			knownRegions = (
				en,
				Base,
			);
			mainGroup = EDD5D985283AE926006889BC;
			productRefGroup = EDD5D98F283AE926006889BC /* Products */;
			projectDirPath = "";
			projectRoot = "";
			targets = (
				EDD5D98D283AE926006889BC /* ModulotechHome */,
			);
		};
/* End PBXProject section */

/* Begin PBXResourcesBuildPhase section */
		EDD5D98C283AE926006889BC /* Resources */ = {
			isa = PBXResourcesBuildPhase;
			buildActionMask = 2147483647;
			files = (
				EDD5D999283AE929006889BC /* Preview Assets.xcassets in Resources */,
				EDD5D996283AE929006889BC /* Assets.xcassets in Resources */,
			);
			runOnlyForDeploymentPostprocessing = 0;
		};
/* End PBXResourcesBuildPhase section */

/* Begin PBXSourcesBuildPhase section */
		EDD5D98A283AE926006889BC /* Sources */ = {
			isa = PBXSourcesBuildPhase;
			buildActionMask = 2147483647;
			files = (
				EDD5D994283AE926006889BC /* ContentView.swift in Sources */,
				EDD5D9A8283B40DA006889BC /* LightSlider.swift in Sources */,
				EDD5D9A6283B405C006889BC /* LightView.swift in Sources */,
				EDD5D9B0283B449E006889BC /* ColorConstants.swift in Sources */,
				EDD5D9AC283B4167006889BC /* CustomToggleStyle.swift in Sources */,
				EDD5D9D2283B875C006889BC /* TabManager.swift in Sources */,
				EDD5D9A4283AEA77006889BC /* TemperatureControlView.swift in Sources */,
				EDD5D9CE283B8681006889BC /* ShutterSlider.swift in Sources */,
				EDD5D9D0283B86E4006889BC /* CustomTabView.swift in Sources */,
				EDD5D992283AE926006889BC /* ModulotechHomeApp.swift in Sources */,
				EDD5D9CC283B85EC006889BC /* ShutterView.swift in Sources */,
				EDD5D9A2283AE9A3006889BC /* TemperatureView.swift in Sources */,
			);
			runOnlyForDeploymentPostprocessing = 0;
		};
/* End PBXSourcesBuildPhase section */

/* Begin XCBuildConfiguration section */
		EDD5D99A283AE929006889BC /* Debug */ = {
			isa = XCBuildConfiguration;
			buildSettings = {
				ALWAYS_SEARCH_USER_PATHS = NO;
				CLANG_ANALYZER_NONNULL = YES;
				CLANG_ANALYZER_NUMBER_OBJECT_CONVERSION = YES_AGGRESSIVE;
				CLANG_CXX_LANGUAGE_STANDARD = "gnu++17";
				CLANG_CXX_LIBRARY = "libc++";
				CLANG_ENABLE_MODULES = YES;
				CLANG_ENABLE_OBJC_ARC = YES;
				CLANG_ENABLE_OBJC_WEAK = YES;
				CLANG_WARN_BLOCK_CAPTURE_AUTORELEASING = YES;
				CLANG_WARN_BOOL_CONVERSION = YES;
				CLANG_WARN_COMMA = YES;
				CLANG_WARN_CONSTANT_CONVERSION = YES;
				CLANG_WARN_DEPRECATED_OBJC_IMPLEMENTATIONS = YES;
				CLANG_WARN_DIRECT_OBJC_ISA_USAGE = YES_ERROR;
				CLANG_WARN_DOCUMENTATION_COMMENTS = YES;
				CLANG_WARN_EMPTY_BODY = YES;
				CLANG_WARN_ENUM_CONVERSION = YES;
				CLANG_WARN_INFINITE_RECURSION = YES;
				CLANG_WARN_INT_CONVERSION = YES;
				CLANG_WARN_NON_LITERAL_NULL_CONVERSION = YES;
				CLANG_WARN_OBJC_IMPLICIT_RETAIN_SELF = YES;
				CLANG_WARN_OBJC_LITERAL_CONVERSION = YES;
				CLANG_WARN_OBJC_ROOT_CLASS = YES_ERROR;
				CLANG_WARN_QUOTED_INCLUDE_IN_FRAMEWORK_HEADER = YES;
				CLANG_WARN_RANGE_LOOP_ANALYSIS = YES;
				CLANG_WARN_STRICT_PROTOTYPES = YES;
				CLANG_WARN_SUSPICIOUS_MOVE = YES;
				CLANG_WARN_UNGUARDED_AVAILABILITY = YES_AGGRESSIVE;
				CLANG_WARN_UNREACHABLE_CODE = YES;
				CLANG_WARN__DUPLICATE_METHOD_MATCH = YES;
				COPY_PHASE_STRIP = NO;
				DEBUG_INFORMATION_FORMAT = dwarf;
				ENABLE_STRICT_OBJC_MSGSEND = YES;
				ENABLE_TESTABILITY = YES;
				GCC_C_LANGUAGE_STANDARD = gnu11;
				GCC_DYNAMIC_NO_PIC = NO;
				GCC_NO_COMMON_BLOCKS = YES;
				GCC_OPTIMIZATION_LEVEL = 0;
				GCC_PREPROCESSOR_DEFINITIONS = (
					"DEBUG=1",
					"$(inherited)",
				);
				GCC_WARN_64_TO_32_BIT_CONVERSION = YES;
				GCC_WARN_ABOUT_RETURN_TYPE = YES_ERROR;
				GCC_WARN_UNDECLARED_SELECTOR = YES;
				GCC_WARN_UNINITIALIZED_AUTOS = YES_AGGRESSIVE;
				GCC_WARN_UNUSED_FUNCTION = YES;
				GCC_WARN_UNUSED_VARIABLE = YES;
				IPHONEOS_DEPLOYMENT_TARGET = 15.2;
				MTL_ENABLE_DEBUG_INFO = INCLUDE_SOURCE;
				MTL_FAST_MATH = YES;
				ONLY_ACTIVE_ARCH = YES;
				SDKROOT = iphoneos;
				SWIFT_ACTIVE_COMPILATION_CONDITIONS = DEBUG;
				SWIFT_OPTIMIZATION_LEVEL = "-Onone";
			};
			name = Debug;
		};
		EDD5D99B283AE929006889BC /* Release */ = {
			isa = XCBuildConfiguration;
			buildSettings = {
				ALWAYS_SEARCH_USER_PATHS = NO;
				CLANG_ANALYZER_NONNULL = YES;
				CLANG_ANALYZER_NUMBER_OBJECT_CONVERSION = YES_AGGRESSIVE;
				CLANG_CXX_LANGUAGE_STANDARD = "gnu++17";
				CLANG_CXX_LIBRARY = "libc++";
				CLANG_ENABLE_MODULES = YES;
				CLANG_ENABLE_OBJC_ARC = YES;
				CLANG_ENABLE_OBJC_WEAK = YES;
				CLANG_WARN_BLOCK_CAPTURE_AUTORELEASING = YES;
				CLANG_WARN_BOOL_CONVERSION = YES;
				CLANG_WARN_COMMA = YES;
				CLANG_WARN_CONSTANT_CONVERSION = YES;
				CLANG_WARN_DEPRECATED_OBJC_IMPLEMENTATIONS = YES;
				CLANG_WARN_DIRECT_OBJC_ISA_USAGE = YES_ERROR;
				CLANG_WARN_DOCUMENTATION_COMMENTS = YES;
				CLANG_WARN_EMPTY_BODY = YES;
				CLANG_WARN_ENUM_CONVERSION = YES;
				CLANG_WARN_INFINITE_RECURSION = YES;
				CLANG_WARN_INT_CONVERSION = YES;
				CLANG_WARN_NON_LITERAL_NULL_CONVERSION = YES;
				CLANG_WARN_OBJC_IMPLICIT_RETAIN_SELF = YES;
				CLANG_WARN_OBJC_LITERAL_CONVERSION = YES;
				CLANG_WARN_OBJC_ROOT_CLASS = YES_ERROR;
				CLANG_WARN_QUOTED_INCLUDE_IN_FRAMEWORK_HEADER = YES;
				CLANG_WARN_RANGE_LOOP_ANALYSIS = YES;
				CLANG_WARN_STRICT_PROTOTYPES = YES;
				CLANG_WARN_SUSPICIOUS_MOVE = YES;
				CLANG_WARN_UNGUARDED_AVAILABILITY = YES_AGGRESSIVE;
				CLANG_WARN_UNREACHABLE_CODE = YES;
				CLANG_WARN__DUPLICATE_METHOD_MATCH = YES;
				COPY_PHASE_STRIP = NO;
				DEBUG_INFORMATION_FORMAT = "dwarf-with-dsym";
				ENABLE_NS_ASSERTIONS = NO;
				ENABLE_STRICT_OBJC_MSGSEND = YES;
				GCC_C_LANGUAGE_STANDARD = gnu11;
				GCC_NO_COMMON_BLOCKS = YES;
				GCC_WARN_64_TO_32_BIT_CONVERSION = YES;
				GCC_WARN_ABOUT_RETURN_TYPE = YES_ERROR;
				GCC_WARN_UNDECLARED_SELECTOR = YES;
				GCC_WARN_UNINITIALIZED_AUTOS = YES_AGGRESSIVE;
				GCC_WARN_UNUSED_FUNCTION = YES;
				GCC_WARN_UNUSED_VARIABLE = YES;
				IPHONEOS_DEPLOYMENT_TARGET = 15.2;
				MTL_ENABLE_DEBUG_INFO = NO;
				MTL_FAST_MATH = YES;
				SDKROOT = iphoneos;
				SWIFT_COMPILATION_MODE = wholemodule;
				SWIFT_OPTIMIZATION_LEVEL = "-O";
				VALIDATE_PRODUCT = YES;
			};
			name = Release;
		};
		EDD5D99D283AE929006889BC /* Debug */ = {
			isa = XCBuildConfiguration;
			buildSettings = {
				ASSETCATALOG_COMPILER_APPICON_NAME = AppIcon;
				ASSETCATALOG_COMPILER_GLOBAL_ACCENT_COLOR_NAME = AccentColor;
				CODE_SIGN_STYLE = Automatic;
				CURRENT_PROJECT_VERSION = 1;
				DEVELOPMENT_ASSET_PATHS = "\"ModulotechHome/Preview Content\"";
				DEVELOPMENT_TEAM = 5J9C5S965J;
				ENABLE_PREVIEWS = YES;
				GENERATE_INFOPLIST_FILE = YES;
				INFOPLIST_KEY_UIApplicationSceneManifest_Generation = YES;
				INFOPLIST_KEY_UIApplicationSupportsIndirectInputEvents = YES;
				INFOPLIST_KEY_UILaunchScreen_Generation = YES;
				INFOPLIST_KEY_UISupportedInterfaceOrientations_iPad = "UIInterfaceOrientationPortrait UIInterfaceOrientationPortraitUpsideDown UIInterfaceOrientationLandscapeLeft UIInterfaceOrientationLandscapeRight";
				INFOPLIST_KEY_UISupportedInterfaceOrientations_iPhone = "UIInterfaceOrientationPortrait UIInterfaceOrientationLandscapeLeft UIInterfaceOrientationLandscapeRight";
				IPHONEOS_DEPLOYMENT_TARGET = 15.2;
				LD_RUNPATH_SEARCH_PATHS = (
					"$(inherited)",
					"@executable_path/Frameworks",
				);
				MARKETING_VERSION = 1.0;
				PRODUCT_BUNDLE_IDENTIFIER = fr.favremichael.ModuloHome.ModulotechHome;
				PRODUCT_NAME = "$(TARGET_NAME)";
				SWIFT_EMIT_LOC_STRINGS = YES;
				SWIFT_VERSION = 5.0;
				TARGETED_DEVICE_FAMILY = 1;
			};
			name = Debug;
		};
		EDD5D99E283AE929006889BC /* Release */ = {
			isa = XCBuildConfiguration;
			buildSettings = {
				ASSETCATALOG_COMPILER_APPICON_NAME = AppIcon;
				ASSETCATALOG_COMPILER_GLOBAL_ACCENT_COLOR_NAME = AccentColor;
				CODE_SIGN_STYLE = Automatic;
				CURRENT_PROJECT_VERSION = 1;
				DEVELOPMENT_ASSET_PATHS = "\"ModulotechHome/Preview Content\"";
				DEVELOPMENT_TEAM = 5J9C5S965J;
				ENABLE_PREVIEWS = YES;
				GENERATE_INFOPLIST_FILE = YES;
				INFOPLIST_KEY_UIApplicationSceneManifest_Generation = YES;
				INFOPLIST_KEY_UIApplicationSupportsIndirectInputEvents = YES;
				INFOPLIST_KEY_UILaunchScreen_Generation = YES;
				INFOPLIST_KEY_UISupportedInterfaceOrientations_iPad = "UIInterfaceOrientationPortrait UIInterfaceOrientationPortraitUpsideDown UIInterfaceOrientationLandscapeLeft UIInterfaceOrientationLandscapeRight";
				INFOPLIST_KEY_UISupportedInterfaceOrientations_iPhone = "UIInterfaceOrientationPortrait UIInterfaceOrientationLandscapeLeft UIInterfaceOrientationLandscapeRight";
				IPHONEOS_DEPLOYMENT_TARGET = 15.2;
				LD_RUNPATH_SEARCH_PATHS = (
					"$(inherited)",
					"@executable_path/Frameworks",
				);
				MARKETING_VERSION = 1.0;
				PRODUCT_BUNDLE_IDENTIFIER = fr.favremichael.ModuloHome.ModulotechHome;
				PRODUCT_NAME = "$(TARGET_NAME)";
				SWIFT_EMIT_LOC_STRINGS = YES;
				SWIFT_VERSION = 5.0;
				TARGETED_DEVICE_FAMILY = 1;
			};
			name = Release;
		};
/* End XCBuildConfiguration section */

/* Begin XCConfigurationList section */
		EDD5D989283AE926006889BC /* Build configuration list for PBXProject "ModulotechHome" */ = {
			isa = XCConfigurationList;
			buildConfigurations = (
				EDD5D99A283AE929006889BC /* Debug */,
				EDD5D99B283AE929006889BC /* Release */,
			);
			defaultConfigurationIsVisible = 0;
			defaultConfigurationName = Release;
		};
		EDD5D99C283AE929006889BC /* Build configuration list for PBXNativeTarget "ModulotechHome" */ = {
			isa = XCConfigurationList;
			buildConfigurations = (
				EDD5D99D283AE929006889BC /* Debug */,
				EDD5D99E283AE929006889BC /* Release */,
			);
			defaultConfigurationIsVisible = 0;
			defaultConfigurationName = Release;
		};
/* End XCConfigurationList section */
	};
	rootObject = EDD5D986283AE926006889BC /* Project object */;
}
